// !$*UTF8*$!
{
	archiveVersion = 1;
	classes = {
	};
	objectVersion = 56;
	objects = {

/* Begin PBXBuildFile section */
		9D57C6E52A2FA1090028C10A /* RepairmateHomeApp.swift in Sources */ = {isa = PBXBuildFile; fileRef = 9D57C6E42A2FA1090028C10A /* RepairmateHomeApp.swift */; };
		9D57C6E72A2FA1090028C10A /* ContentView.swift in Sources */ = {isa = PBXBuildFile; fileRef = 9D57C6E62A2FA1090028C10A /* ContentView.swift */; };
		9D57C6E92A2FA10B0028C10A /* Assets.xcassets in Resources */ = {isa = PBXBuildFile; fileRef = 9D57C6E82A2FA10B0028C10A /* Assets.xcassets */; };
		9D57C6EC2A2FA10B0028C10A /* Preview Assets.xcassets in Resources */ = {isa = PBXBuildFile; fileRef = 9D57C6EB2A2FA10B0028C10A /* Preview Assets.xcassets */; };
		9D57C6F32A2FC5F50028C10A /* Homescreen.swift in Sources */ = {isa = PBXBuildFile; fileRef = 9D57C6F22A2FC5F50028C10A /* Homescreen.swift */; };
		9D57C6F92A2FCBAB0028C10A /* Autoparts.swift in Sources */ = {isa = PBXBuildFile; fileRef = 9D57C6F82A2FCBAB0028C10A /* Autoparts.swift */; };
		9D57C6FB2A2FCBBC0028C10A /* Profile.swift in Sources */ = {isa = PBXBuildFile; fileRef = 9D57C6FA2A2FCBBC0028C10A /* Profile.swift */; };
		9D57C6FD2A2FEC540028C10A /* ImagePicker.swift in Sources */ = {isa = PBXBuildFile; fileRef = 9D57C6FC2A2FEC540028C10A /* ImagePicker.swift */; };
		9D57C6FF2A3132F80028C10A /* Updateprofile.swift in Sources */ = {isa = PBXBuildFile; fileRef = 9D57C6FE2A3132F80028C10A /* Updateprofile.swift */; };
		9D57C7012A3133060028C10A /* Viewhistory.swift in Sources */ = {isa = PBXBuildFile; fileRef = 9D57C7002A3133060028C10A /* Viewhistory.swift */; };
		9D57C7032A3158440028C10A /* Garage.swift in Sources */ = {isa = PBXBuildFile; fileRef = 9D57C7022A3158440028C10A /* Garage.swift */; };
		9D57C7052A315A240028C10A /* Garagehelper.swift in Sources */ = {isa = PBXBuildFile; fileRef = 9D57C7042A315A240028C10A /* Garagehelper.swift */; };
		9DBD4A942A321874009AC673 /* Garagedetails.swift in Sources */ = {isa = PBXBuildFile; fileRef = 9DBD4A932A321874009AC673 /* Garagedetails.swift */; };
/* End PBXBuildFile section */

/* Begin PBXFileReference section */
		9D57C6E12A2FA1090028C10A /* RepairmateHome.app */ = {isa = PBXFileReference; explicitFileType = wrapper.application; includeInIndex = 0; path = RepairmateHome.app; sourceTree = BUILT_PRODUCTS_DIR; };
		9D57C6E42A2FA1090028C10A /* RepairmateHomeApp.swift */ = {isa = PBXFileReference; lastKnownFileType = sourcecode.swift; path = RepairmateHomeApp.swift; sourceTree = "<group>"; };
		9D57C6E62A2FA1090028C10A /* ContentView.swift */ = {isa = PBXFileReference; lastKnownFileType = sourcecode.swift; path = ContentView.swift; sourceTree = "<group>"; };
		9D57C6E82A2FA10B0028C10A /* Assets.xcassets */ = {isa = PBXFileReference; lastKnownFileType = folder.assetcatalog; path = Assets.xcassets; sourceTree = "<group>"; };
		9D57C6EB2A2FA10B0028C10A /* Preview Assets.xcassets */ = {isa = PBXFileReference; lastKnownFileType = folder.assetcatalog; path = "Preview Assets.xcassets"; sourceTree = "<group>"; };
		9D57C6F22A2FC5F50028C10A /* Homescreen.swift */ = {isa = PBXFileReference; lastKnownFileType = sourcecode.swift; path = Homescreen.swift; sourceTree = "<group>"; };
		9D57C6F82A2FCBAB0028C10A /* Autoparts.swift */ = {isa = PBXFileReference; lastKnownFileType = sourcecode.swift; path = Autoparts.swift; sourceTree = "<group>"; };
		9D57C6FA2A2FCBBC0028C10A /* Profile.swift */ = {isa = PBXFileReference; lastKnownFileType = sourcecode.swift; path = Profile.swift; sourceTree = "<group>"; };
		9D57C6FC2A2FEC540028C10A /* ImagePicker.swift */ = {isa = PBXFileReference; lastKnownFileType = sourcecode.swift; path = ImagePicker.swift; sourceTree = "<group>"; };
		9D57C6FE2A3132F80028C10A /* Updateprofile.swift */ = {isa = PBXFileReference; lastKnownFileType = sourcecode.swift; path = Updateprofile.swift; sourceTree = "<group>"; };
		9D57C7002A3133060028C10A /* Viewhistory.swift */ = {isa = PBXFileReference; lastKnownFileType = sourcecode.swift; path = Viewhistory.swift; sourceTree = "<group>"; };
		9D57C7022A3158440028C10A /* Garage.swift */ = {isa = PBXFileReference; lastKnownFileType = sourcecode.swift; path = Garage.swift; sourceTree = "<group>"; };
		9D57C7042A315A240028C10A /* Garagehelper.swift */ = {isa = PBXFileReference; lastKnownFileType = sourcecode.swift; path = Garagehelper.swift; sourceTree = "<group>"; };
		9DBD4A932A321874009AC673 /* Garagedetails.swift */ = {isa = PBXFileReference; lastKnownFileType = sourcecode.swift; path = Garagedetails.swift; sourceTree = "<group>"; };
/* End PBXFileReference section */

/* Begin PBXFrameworksBuildPhase section */
		9D57C6DE2A2FA1090028C10A /* Frameworks */ = {
			isa = PBXFrameworksBuildPhase;
			buildActionMask = 2147483647;
			files = (
			);
			runOnlyForDeploymentPostprocessing = 0;
		};
/* End PBXFrameworksBuildPhase section */

/* Begin PBXGroup section */
		9D57C6D82A2FA1080028C10A = {
			isa = PBXGroup;
			children = (
				9D57C6E32A2FA1090028C10A /* RepairmateHome */,
				9D57C6E22A2FA1090028C10A /* Products */,
			);
			sourceTree = "<group>";
		};
		9D57C6E22A2FA1090028C10A /* Products */ = {
			isa = PBXGroup;
			children = (
				9D57C6E12A2FA1090028C10A /* RepairmateHome.app */,
			);
			name = Products;
			sourceTree = "<group>";
		};
		9D57C6E32A2FA1090028C10A /* RepairmateHome */ = {
			isa = PBXGroup;
			children = (
				9D57C6FC2A2FEC540028C10A /* ImagePicker.swift */,
				9D57C6E42A2FA1090028C10A /* RepairmateHomeApp.swift */,
				9D57C6E62A2FA1090028C10A /* ContentView.swift */,
				9D57C6F22A2FC5F50028C10A /* Homescreen.swift */,
				9D57C6F82A2FCBAB0028C10A /* Autoparts.swift */,
				9D57C6FA2A2FCBBC0028C10A /* Profile.swift */,
				9D57C6FE2A3132F80028C10A /* Updateprofile.swift */,
				9D57C7002A3133060028C10A /* Viewhistory.swift */,
				9DBD4A932A321874009AC673 /* Garagedetails.swift */,
				9D57C7022A3158440028C10A /* Garage.swift */,
				9D57C7042A315A240028C10A /* Garagehelper.swift */,
				9D57C6E82A2FA10B0028C10A /* Assets.xcassets */,
				9D57C6EA2A2FA10B0028C10A /* Preview Content */,
			);
			path = RepairmateHome;
			sourceTree = "<group>";
		};
		9D57C6EA2A2FA10B0028C10A /* Preview Content */ = {
			isa = PBXGroup;
			children = (
				9D57C6EB2A2FA10B0028C10A /* Preview Assets.xcassets */,
			);
			path = "Preview Content";
			sourceTree = "<group>";
		};
/* End PBXGroup section */

/* Begin PBXNativeTarget section */
		9D57C6E02A2FA1090028C10A /* RepairmateHome */ = {
			isa = PBXNativeTarget;
			buildConfigurationList = 9D57C6EF2A2FA10B0028C10A /* Build configuration list for PBXNativeTarget "RepairmateHome" */;
			buildPhases = (
				9D57C6DD2A2FA1090028C10A /* Sources */,
				9D57C6DE2A2FA1090028C10A /* Frameworks */,
				9D57C6DF2A2FA1090028C10A /* Resources */,
			);
			buildRules = (
			);
			dependencies = (
			);
			name = RepairmateHome;
			productName = RepairmateHome;
			productReference = 9D57C6E12A2FA1090028C10A /* RepairmateHome.app */;
			productType = "com.apple.product-type.application";
		};
/* End PBXNativeTarget section */

/* Begin PBXProject section */
		9D57C6D92A2FA1080028C10A /* Project object */ = {
			isa = PBXProject;
			attributes = {
				BuildIndependentTargetsInParallel = 1;
				LastSwiftUpdateCheck = 1430;
				LastUpgradeCheck = 1430;
				TargetAttributes = {
					9D57C6E02A2FA1090028C10A = {
						CreatedOnToolsVersion = 14.3;
					};
				};
			};
			buildConfigurationList = 9D57C6DC2A2FA1090028C10A /* Build configuration list for PBXProject "RepairmateHome" */;
			compatibilityVersion = "Xcode 14.0";
			developmentRegion = en;
			hasScannedForEncodings = 0;
			knownRegions = (
				en,
				Base,
			);
			mainGroup = 9D57C6D82A2FA1080028C10A;
			productRefGroup = 9D57C6E22A2FA1090028C10A /* Products */;
			projectDirPath = "";
			projectRoot = "";
			targets = (
				9D57C6E02A2FA1090028C10A /* RepairmateHome */,
			);
		};
/* End PBXProject section */

/* Begin PBXResourcesBuildPhase section */
		9D57C6DF2A2FA1090028C10A /* Resources */ = {
			isa = PBXResourcesBuildPhase;
			buildActionMask = 2147483647;
			files = (
				9D57C6EC2A2FA10B0028C10A /* Preview Assets.xcassets in Resources */,
				9D57C6E92A2FA10B0028C10A /* Assets.xcassets in Resources */,
			);
			runOnlyForDeploymentPostprocessing = 0;
		};
/* End PBXResourcesBuildPhase section */

/* Begin PBXSourcesBuildPhase section */
		9D57C6DD2A2FA1090028C10A /* Sources */ = {
			isa = PBXSourcesBuildPhase;
			buildActionMask = 2147483647;
			files = (
				9D57C7052A315A240028C10A /* Garagehelper.swift in Sources */,
				9D57C6E72A2FA1090028C10A /* ContentView.swift in Sources */,
				9D57C7012A3133060028C10A /* Viewhistory.swift in Sources */,
				9D57C6FB2A2FCBBC0028C10A /* Profile.swift in Sources */,
				9D57C6FF2A3132F80028C10A /* Updateprofile.swift in Sources */,
				9D57C6F92A2FCBAB0028C10A /* Autoparts.swift in Sources */,
				9D57C6FD2A2FEC540028C10A /* ImagePicker.swift in Sources */,
				9DBD4A942A321874009AC673 /* Garagedetails.swift in Sources */,
				9D57C6F32A2FC5F50028C10A /* Homescreen.swift in Sources */,
				9D57C6E52A2FA1090028C10A /* RepairmateHomeApp.swift in Sources */,
				9D57C7032A3158440028C10A /* Garage.swift in Sources */,
			);
			runOnlyForDeploymentPostprocessing = 0;
		};
/* End PBXSourcesBuildPhase section */

/* Begin XCBuildConfiguration section */
		9D57C6ED2A2FA10B0028C10A /* Debug */ = {
			isa = XCBuildConfiguration;
			buildSettings = {
				ALWAYS_SEARCH_USER_PATHS = NO;
				CLANG_ANALYZER_NONNULL = YES;
				CLANG_ANALYZER_NUMBER_OBJECT_CONVERSION = YES_AGGRESSIVE;
				CLANG_CXX_LANGUAGE_STANDARD = "gnu++20";
				CLANG_ENABLE_MODULES = YES;
				CLANG_ENABLE_OBJC_ARC = YES;
				CLANG_ENABLE_OBJC_WEAK = YES;
				CLANG_WARN_BLOCK_CAPTURE_AUTORELEASING = YES;
				CLANG_WARN_BOOL_CONVERSION = YES;
				CLANG_WARN_COMMA = YES;
				CLANG_WARN_CONSTANT_CONVERSION = YES;
				CLANG_WARN_DEPRECATED_OBJC_IMPLEMENTATIONS = YES;
				CLANG_WARN_DIRECT_OBJC_ISA_USAGE = YES_ERROR;
				CLANG_WARN_DOCUMENTATION_COMMENTS = YES;
				CLANG_WARN_EMPTY_BODY = YES;
				CLANG_WARN_ENUM_CONVERSION = YES;
				CLANG_WARN_INFINITE_RECURSION = YES;
				CLANG_WARN_INT_CONVERSION = YES;
				CLANG_WARN_NON_LITERAL_NULL_CONVERSION = YES;
				CLANG_WARN_OBJC_IMPLICIT_RETAIN_SELF = YES;
				CLANG_WARN_OBJC_LITERAL_CONVERSION = YES;
				CLANG_WARN_OBJC_ROOT_CLASS = YES_ERROR;
				CLANG_WARN_QUOTED_INCLUDE_IN_FRAMEWORK_HEADER = YES;
				CLANG_WARN_RANGE_LOOP_ANALYSIS = YES;
				CLANG_WARN_STRICT_PROTOTYPES = YES;
				CLANG_WARN_SUSPICIOUS_MOVE = YES;
				CLANG_WARN_UNGUARDED_AVAILABILITY = YES_AGGRESSIVE;
				CLANG_WARN_UNREACHABLE_CODE = YES;
				CLANG_WARN__DUPLICATE_METHOD_MATCH = YES;
				COPY_PHASE_STRIP = NO;
				DEBUG_INFORMATION_FORMAT = dwarf;
				ENABLE_STRICT_OBJC_MSGSEND = YES;
				ENABLE_TESTABILITY = YES;
				GCC_C_LANGUAGE_STANDARD = gnu11;
				GCC_DYNAMIC_NO_PIC = NO;
				GCC_NO_COMMON_BLOCKS = YES;
				GCC_OPTIMIZATION_LEVEL = 0;
				GCC_PREPROCESSOR_DEFINITIONS = (
					"DEBUG=1",
					"$(inherited)",
				);
				GCC_WARN_64_TO_32_BIT_CONVERSION = YES;
				GCC_WARN_ABOUT_RETURN_TYPE = YES_ERROR;
				GCC_WARN_UNDECLARED_SELECTOR = YES;
				GCC_WARN_UNINITIALIZED_AUTOS = YES_AGGRESSIVE;
				GCC_WARN_UNUSED_FUNCTION = YES;
				GCC_WARN_UNUSED_VARIABLE = YES;
				IPHONEOS_DEPLOYMENT_TARGET = 16.4;
				MTL_ENABLE_DEBUG_INFO = INCLUDE_SOURCE;
				MTL_FAST_MATH = YES;
				ONLY_ACTIVE_ARCH = YES;
				SDKROOT = iphoneos;
				SWIFT_ACTIVE_COMPILATION_CONDITIONS = DEBUG;
				SWIFT_OPTIMIZATION_LEVEL = "-Onone";
			};
			name = Debug;
		};
		9D57C6EE2A2FA10B0028C10A /* Release */ = {
			isa = XCBuildConfiguration;
			buildSettings = {
				ALWAYS_SEARCH_USER_PATHS = NO;
				CLANG_ANALYZER_NONNULL = YES;
				CLANG_ANALYZER_NUMBER_OBJECT_CONVERSION = YES_AGGRESSIVE;
				CLANG_CXX_LANGUAGE_STANDARD = "gnu++20";
				CLANG_ENABLE_MODULES = YES;
				CLANG_ENABLE_OBJC_ARC = YES;
				CLANG_ENABLE_OBJC_WEAK = YES;
				CLANG_WARN_BLOCK_CAPTURE_AUTORELEASING = YES;
				CLANG_WARN_BOOL_CONVERSION = YES;
				CLANG_WARN_COMMA = YES;
				CLANG_WARN_CONSTANT_CONVERSION = YES;
				CLANG_WARN_DEPRECATED_OBJC_IMPLEMENTATIONS = YES;
				CLANG_WARN_DIRECT_OBJC_ISA_USAGE = YES_ERROR;
				CLANG_WARN_DOCUMENTATION_COMMENTS = YES;
				CLANG_WARN_EMPTY_BODY = YES;
				CLANG_WARN_ENUM_CONVERSION = YES;
				CLANG_WARN_INFINITE_RECURSION = YES;
				CLANG_WARN_INT_CONVERSION = YES;
				CLANG_WARN_NON_LITERAL_NULL_CONVERSION = YES;
				CLANG_WARN_OBJC_IMPLICIT_RETAIN_SELF = YES;
				CLANG_WARN_OBJC_LITERAL_CONVERSION = YES;
				CLANG_WARN_OBJC_ROOT_CLASS = YES_ERROR;
				CLANG_WARN_QUOTED_INCLUDE_IN_FRAMEWORK_HEADER = YES;
				CLANG_WARN_RANGE_LOOP_ANALYSIS = YES;
				CLANG_WARN_STRICT_PROTOTYPES = YES;
				CLANG_WARN_SUSPICIOUS_MOVE = YES;
				CLANG_WARN_UNGUARDED_AVAILABILITY = YES_AGGRESSIVE;
				CLANG_WARN_UNREACHABLE_CODE = YES;
				CLANG_WARN__DUPLICATE_METHOD_MATCH = YES;
				COPY_PHASE_STRIP = NO;
				DEBUG_INFORMATION_FORMAT = "dwarf-with-dsym";
				ENABLE_NS_ASSERTIONS = NO;
				ENABLE_STRICT_OBJC_MSGSEND = YES;
				GCC_C_LANGUAGE_STANDARD = gnu11;
				GCC_NO_COMMON_BLOCKS = YES;
				GCC_WARN_64_TO_32_BIT_CONVERSION = YES;
				GCC_WARN_ABOUT_RETURN_TYPE = YES_ERROR;
				GCC_WARN_UNDECLARED_SELECTOR = YES;
				GCC_WARN_UNINITIALIZED_AUTOS = YES_AGGRESSIVE;
				GCC_WARN_UNUSED_FUNCTION = YES;
				GCC_WARN_UNUSED_VARIABLE = YES;
				IPHONEOS_DEPLOYMENT_TARGET = 16.4;
				MTL_ENABLE_DEBUG_INFO = NO;
				MTL_FAST_MATH = YES;
				SDKROOT = iphoneos;
				SWIFT_COMPILATION_MODE = wholemodule;
				SWIFT_OPTIMIZATION_LEVEL = "-O";
				VALIDATE_PRODUCT = YES;
			};
			name = Release;
		};
		9D57C6F02A2FA10B0028C10A /* Debug */ = {
			isa = XCBuildConfiguration;
			buildSettings = {
				ASSETCATALOG_COMPILER_APPICON_NAME = AppIcon;
				ASSETCATALOG_COMPILER_GLOBAL_ACCENT_COLOR_NAME = AccentColor;
				CODE_SIGN_STYLE = Automatic;
				CURRENT_PROJECT_VERSION = 1;
				DEVELOPMENT_ASSET_PATHS = "\"RepairmateHome/Preview Content\"";
				DEVELOPMENT_TEAM = WVLSGY7748;
				ENABLE_PREVIEWS = YES;
				GENERATE_INFOPLIST_FILE = YES;
				INFOPLIST_KEY_UIApplicationSceneManifest_Generation = YES;
				INFOPLIST_KEY_UIApplicationSupportsIndirectInputEvents = YES;
				INFOPLIST_KEY_UILaunchScreen_Generation = YES;
				INFOPLIST_KEY_UISupportedInterfaceOrientations_iPad = "UIInterfaceOrientationPortrait UIInterfaceOrientationPortraitUpsideDown UIInterfaceOrientationLandscapeLeft UIInterfaceOrientationLandscapeRight";
				INFOPLIST_KEY_UISupportedInterfaceOrientations_iPhone = "UIInterfaceOrientationPortrait UIInterfaceOrientationLandscapeLeft UIInterfaceOrientationLandscapeRight";
				LD_RUNPATH_SEARCH_PATHS = (
					"$(inherited)",
					"@executable_path/Frameworks",
				);
				MARKETING_VERSION = 1.0;
				PRODUCT_BUNDLE_IDENTIFIER = com.RepairmateHome;
				PRODUCT_NAME = "$(TARGET_NAME)";
				SWIFT_EMIT_LOC_STRINGS = YES;
				SWIFT_VERSION = 5.0;
				TARGETED_DEVICE_FAMILY = "1,2";
			};
			name = Debug;
		};
		9D57C6F12A2FA10B0028C10A /* Release */ = {
			isa = XCBuildConfiguration;
			buildSettings = {
				ASSETCATALOG_COMPILER_APPICON_NAME = AppIcon;
				ASSETCATALOG_COMPILER_GLOBAL_ACCENT_COLOR_NAME = AccentColor;
				CODE_SIGN_STYLE = Automatic;
				CURRENT_PROJECT_VERSION = 1;
				DEVELOPMENT_ASSET_PATHS = "\"RepairmateHome/Preview Content\"";
				DEVELOPMENT_TEAM = WVLSGY7748;
				ENABLE_PREVIEWS = YES;
				GENERATE_INFOPLIST_FILE = YES;
				INFOPLIST_KEY_UIApplicationSceneManifest_Generation = YES;
				INFOPLIST_KEY_UIApplicationSupportsIndirectInputEvents = YES;
				INFOPLIST_KEY_UILaunchScreen_Generation = YES;
				INFOPLIST_KEY_UISupportedInterfaceOrientations_iPad = "UIInterfaceOrientationPortrait UIInterfaceOrientationPortraitUpsideDown UIInterfaceOrientationLandscapeLeft UIInterfaceOrientationLandscapeRight";
				INFOPLIST_KEY_UISupportedInterfaceOrientations_iPhone = "UIInterfaceOrientationPortrait UIInterfaceOrientationLandscapeLeft UIInterfaceOrientationLandscapeRight";
				LD_RUNPATH_SEARCH_PATHS = (
					"$(inherited)",
					"@executable_path/Frameworks",
				);
				MARKETING_VERSION = 1.0;
				PRODUCT_BUNDLE_IDENTIFIER = com.RepairmateHome;
				PRODUCT_NAME = "$(TARGET_NAME)";
				SWIFT_EMIT_LOC_STRINGS = YES;
				SWIFT_VERSION = 5.0;
				TARGETED_DEVICE_FAMILY = "1,2";
			};
			name = Release;
		};
/* End XCBuildConfiguration section */

/* Begin XCConfigurationList section */
		9D57C6DC2A2FA1090028C10A /* Build configuration list for PBXProject "RepairmateHome" */ = {
			isa = XCConfigurationList;
			buildConfigurations = (
				9D57C6ED2A2FA10B0028C10A /* Debug */,
				9D57C6EE2A2FA10B0028C10A /* Release */,
			);
			defaultConfigurationIsVisible = 0;
			defaultConfigurationName = Release;
		};
		9D57C6EF2A2FA10B0028C10A /* Build configuration list for PBXNativeTarget "RepairmateHome" */ = {
			isa = XCConfigurationList;
			buildConfigurations = (
				9D57C6F02A2FA10B0028C10A /* Debug */,
				9D57C6F12A2FA10B0028C10A /* Release */,
			);
			defaultConfigurationIsVisible = 0;
			defaultConfigurationName = Release;
		};
/* End XCConfigurationList section */
	};
	rootObject = 9D57C6D92A2FA1080028C10A /* Project object */;
}
